
Microsoft Visual Studio Solution File, Format Version 12.00
# Visual Studio Version 17
VisualStudioVersion = 17.11.35312.102
MinimumVisualStudioVersion = 10.0.40219.1
Project("{9A19103F-16F7-4668-BE54-9A1E7A4F7556}") = "Selenium.AngleSharp.WebDriver", "Selenium.AngleSharp.WebDriver\Selenium.AngleSharp.WebDriver.csproj", "{84C9D791-C6A0-415A-A46A-D825C1D94148}"
EndProject
Project("{F2A71F9B-5D33-465A-A702-920D77279786}") = "Selenium.AngleSharp.WebDriver.Tests", "Selenium.AngleSharp.WebDriver.Tests\Selenium.AngleSharp.WebDriver.Tests.fsproj", "{1D949865-D26D-4295-8E73-B53CBA72407F}"
EndProject
Global
	GlobalSection(SolutionConfigurationPlatforms) = preSolution
		Debug|Any CPU = Debug|Any CPU
		Release|Any CPU = Release|Any CPU
	EndGlobalSection
	GlobalSection(ProjectConfigurationPlatforms) = postSolution
		{84C9D791-C6A0-415A-A46A-D825C1D94148}.Debug|Any CPU.ActiveCfg = Debug|Any CPU
		{84C9D791-C6A0-415A-A46A-D825C1D94148}.Debug|Any CPU.Build.0 = Debug|Any CPU
		{84C9D791-C6A0-415A-A46A-D825C1D94148}.Release|Any CPU.ActiveCfg = Release|Any CPU
		{84C9D791-C6A0-415A-A46A-D825C1D94148}.Release|Any CPU.Build.0 = Release|Any CPU
		{1D949865-D26D-4295-8E73-B53CBA72407F}.Debug|Any CPU.ActiveCfg = Debug|Any CPU
		{1D949865-D26D-4295-8E73-B53CBA72407F}.Debug|Any CPU.Build.0 = Debug|Any CPU
		{1D949865-D26D-4295-8E73-B53CBA72407F}.Release|Any CPU.ActiveCfg = Release|Any CPU
		{1D949865-D26D-4295-8E73-B53CBA72407F}.Release|Any CPU.Build.0 = Release|Any CPU
	EndGlobalSection
	GlobalSection(SolutionProperties) = preSolution
		HideSolutionNode = FALSE
	EndGlobalSection
	GlobalSection(ExtensibilityGlobals) = postSolution
		SolutionGuid = {3791F2E3-AC1C-4BEE-BEE9-133C489ED0CC}
	EndGlobalSection
EndGlobal
